
Microsoft Visual Studio Solution File, Format Version 12.00
# Visual Studio 14
VisualStudioVersion = 14.0.25420.1
MinimumVisualStudioVersion = 10.0.40219.1
Project("{FAE04EC0-301F-11D3-BF4B-00C04F79EFBC}") = "自動儲存圖片", "自動儲存圖片.csproj", "{C9E10B0A-5A6C-4255-B3C4-ABD2A9959694}"
EndProject
Global
	GlobalSection(SolutionConfigurationPlatforms) = preSolution
		Debug|Any CPU = Debug|Any CPU
		Release|Any CPU = Release|Any CPU
	EndGlobalSection
	GlobalSection(ProjectConfigurationPlatforms) = postSolution
		{C9E10B0A-5A6C-4255-B3C4-ABD2A9959694}.Debug|Any CPU.ActiveCfg = Debug|Any CPU
		{C9E10B0A-5A6C-4255-B3C4-ABD2A9959694}.Debug|Any CPU.Build.0 = Debug|Any CPU
		{C9E10B0A-5A6C-4255-B3C4-ABD2A9959694}.Release|Any CPU.ActiveCfg = Release|Any CPU
		{C9E10B0A-5A6C-4255-B3C4-ABD2A9959694}.Release|Any CPU.Build.0 = Release|Any CPU
	EndGlobalSection
	GlobalSection(SolutionProperties) = preSolution
		HideSolutionNode = FALSE
	EndGlobalSection
EndGlobal
